// !$*UTF8*$!
{
	archiveVersion = 1;
	classes = {
	};
	objectVersion = 50;
	objects = {

/* Begin PBXBuildFile section */
		9059E94823C5C19B00B6A094 /* AppDelegate.swift in Sources */ = {isa = PBXBuildFile; fileRef = 9059E94723C5C19B00B6A094 /* AppDelegate.swift */; };
		9059E94A23C5C19B00B6A094 /* SceneDelegate.swift in Sources */ = {isa = PBXBuildFile; fileRef = 9059E94923C5C19B00B6A094 /* SceneDelegate.swift */; };
		9059E94C23C5C19B00B6A094 /* ViewController.swift in Sources */ = {isa = PBXBuildFile; fileRef = 9059E94B23C5C19B00B6A094 /* ViewController.swift */; };
		9059E94F23C5C19B00B6A094 /* Main.storyboard in Resources */ = {isa = PBXBuildFile; fileRef = 9059E94D23C5C19B00B6A094 /* Main.storyboard */; };
		9059E95223C5C19B00B6A094 /* SqlDatabase.xcdatamodeld in Sources */ = {isa = PBXBuildFile; fileRef = 9059E95023C5C19B00B6A094 /* SqlDatabase.xcdatamodeld */; };
		9059E95423C5C19D00B6A094 /* Assets.xcassets in Resources */ = {isa = PBXBuildFile; fileRef = 9059E95323C5C19D00B6A094 /* Assets.xcassets */; };
		9059E95723C5C19D00B6A094 /* LaunchScreen.storyboard in Resources */ = {isa = PBXBuildFile; fileRef = 9059E95523C5C19D00B6A094 /* LaunchScreen.storyboard */; };
		9059E96223C5C19D00B6A094 /* SqlDatabaseTests.swift in Sources */ = {isa = PBXBuildFile; fileRef = 9059E96123C5C19D00B6A094 /* SqlDatabaseTests.swift */; };
		9059E96D23C5C19D00B6A094 /* SqlDatabaseUITests.swift in Sources */ = {isa = PBXBuildFile; fileRef = 9059E96C23C5C19D00B6A094 /* SqlDatabaseUITests.swift */; };
/* End PBXBuildFile section */

/* Begin PBXContainerItemProxy section */
		9059E95E23C5C19D00B6A094 /* PBXContainerItemProxy */ = {
			isa = PBXContainerItemProxy;
			containerPortal = 9059E93C23C5C19B00B6A094 /* Project object */;
			proxyType = 1;
			remoteGlobalIDString = 9059E94323C5C19B00B6A094;
			remoteInfo = SqlDatabase;
		};
		9059E96923C5C19D00B6A094 /* PBXContainerItemProxy */ = {
			isa = PBXContainerItemProxy;
			containerPortal = 9059E93C23C5C19B00B6A094 /* Project object */;
			proxyType = 1;
			remoteGlobalIDString = 9059E94323C5C19B00B6A094;
			remoteInfo = SqlDatabase;
		};
/* End PBXContainerItemProxy section */

/* Begin PBXFileReference section */
		9059E94423C5C19B00B6A094 /* SqlDatabase.app */ = {isa = PBXFileReference; explicitFileType = wrapper.application; includeInIndex = 0; path = SqlDatabase.app; sourceTree = BUILT_PRODUCTS_DIR; };
		9059E94723C5C19B00B6A094 /* AppDelegate.swift */ = {isa = PBXFileReference; lastKnownFileType = sourcecode.swift; path = AppDelegate.swift; sourceTree = "<group>"; };
		9059E94923C5C19B00B6A094 /* SceneDelegate.swift */ = {isa = PBXFileReference; lastKnownFileType = sourcecode.swift; path = SceneDelegate.swift; sourceTree = "<group>"; };
		9059E94B23C5C19B00B6A094 /* ViewController.swift */ = {isa = PBXFileReference; lastKnownFileType = sourcecode.swift; path = ViewController.swift; sourceTree = "<group>"; };
		9059E94E23C5C19B00B6A094 /* Base */ = {isa = PBXFileReference; lastKnownFileType = file.storyboard; name = Base; path = Base.lproj/Main.storyboard; sourceTree = "<group>"; };
		9059E95123C5C19B00B6A094 /* SqlDatabase.xcdatamodel */ = {isa = PBXFileReference; lastKnownFileType = wrapper.xcdatamodel; path = SqlDatabase.xcdatamodel; sourceTree = "<group>"; };
		9059E95323C5C19D00B6A094 /* Assets.xcassets */ = {isa = PBXFileReference; lastKnownFileType = folder.assetcatalog; path = Assets.xcassets; sourceTree = "<group>"; };
		9059E95623C5C19D00B6A094 /* Base */ = {isa = PBXFileReference; lastKnownFileType = file.storyboard; name = Base; path = Base.lproj/LaunchScreen.storyboard; sourceTree = "<group>"; };
		9059E95823C5C19D00B6A094 /* Info.plist */ = {isa = PBXFileReference; lastKnownFileType = text.plist.xml; path = Info.plist; sourceTree = "<group>"; };
		9059E95D23C5C19D00B6A094 /* SqlDatabaseTests.xctest */ = {isa = PBXFileReference; explicitFileType = wrapper.cfbundle; includeInIndex = 0; path = SqlDatabaseTests.xctest; sourceTree = BUILT_PRODUCTS_DIR; };
		9059E96123C5C19D00B6A094 /* SqlDatabaseTests.swift */ = {isa = PBXFileReference; lastKnownFileType = sourcecode.swift; path = SqlDatabaseTests.swift; sourceTree = "<group>"; };
		9059E96323C5C19D00B6A094 /* Info.plist */ = {isa = PBXFileReference; lastKnownFileType = text.plist.xml; path = Info.plist; sourceTree = "<group>"; };
		9059E96823C5C19D00B6A094 /* SqlDatabaseUITests.xctest */ = {isa = PBXFileReference; explicitFileType = wrapper.cfbundle; includeInIndex = 0; path = SqlDatabaseUITests.xctest; sourceTree = BUILT_PRODUCTS_DIR; };
		9059E96C23C5C19D00B6A094 /* SqlDatabaseUITests.swift */ = {isa = PBXFileReference; lastKnownFileType = sourcecode.swift; path = SqlDatabaseUITests.swift; sourceTree = "<group>"; };
		9059E96E23C5C19D00B6A094 /* Info.plist */ = {isa = PBXFileReference; lastKnownFileType = text.plist.xml; path = Info.plist; sourceTree = "<group>"; };
/* End PBXFileReference section */

/* Begin PBXFrameworksBuildPhase section */
		9059E94123C5C19B00B6A094 /* Frameworks */ = {
			isa = PBXFrameworksBuildPhase;
			buildActionMask = 2147483647;
			files = (
			);
			runOnlyForDeploymentPostprocessing = 0;
		};
		9059E95A23C5C19D00B6A094 /* Frameworks */ = {
			isa = PBXFrameworksBuildPhase;
			buildActionMask = 2147483647;
			files = (
			);
			runOnlyForDeploymentPostprocessing = 0;
		};
		9059E96523C5C19D00B6A094 /* Frameworks */ = {
			isa = PBXFrameworksBuildPhase;
			buildActionMask = 2147483647;
			files = (
			);
			runOnlyForDeploymentPostprocessing = 0;
		};
/* End PBXFrameworksBuildPhase section */

/* Begin PBXGroup section */
		9059E93B23C5C19B00B6A094 = {
			isa = PBXGroup;
			children = (
				9059E94623C5C19B00B6A094 /* SqlDatabase */,
				9059E96023C5C19D00B6A094 /* SqlDatabaseTests */,
				9059E96B23C5C19D00B6A094 /* SqlDatabaseUITests */,
				9059E94523C5C19B00B6A094 /* Products */,
			);
			sourceTree = "<group>";
		};
		9059E94523C5C19B00B6A094 /* Products */ = {
			isa = PBXGroup;
			children = (
				9059E94423C5C19B00B6A094 /* SqlDatabase.app */,
				9059E95D23C5C19D00B6A094 /* SqlDatabaseTests.xctest */,
				9059E96823C5C19D00B6A094 /* SqlDatabaseUITests.xctest */,
			);
			name = Products;
			sourceTree = "<group>";
		};
		9059E94623C5C19B00B6A094 /* SqlDatabase */ = {
			isa = PBXGroup;
			children = (
				9059E94723C5C19B00B6A094 /* AppDelegate.swift */,
				9059E94923C5C19B00B6A094 /* SceneDelegate.swift */,
				9059E94B23C5C19B00B6A094 /* ViewController.swift */,
				9059E94D23C5C19B00B6A094 /* Main.storyboard */,
				9059E95323C5C19D00B6A094 /* Assets.xcassets */,
				9059E95523C5C19D00B6A094 /* LaunchScreen.storyboard */,
				9059E95823C5C19D00B6A094 /* Info.plist */,
				9059E95023C5C19B00B6A094 /* SqlDatabase.xcdatamodeld */,
			);
			path = SqlDatabase;
			sourceTree = "<group>";
		};
		9059E96023C5C19D00B6A094 /* SqlDatabaseTests */ = {
			isa = PBXGroup;
			children = (
				9059E96123C5C19D00B6A094 /* SqlDatabaseTests.swift */,
				9059E96323C5C19D00B6A094 /* Info.plist */,
			);
			path = SqlDatabaseTests;
			sourceTree = "<group>";
		};
		9059E96B23C5C19D00B6A094 /* SqlDatabaseUITests */ = {
			isa = PBXGroup;
			children = (
				9059E96C23C5C19D00B6A094 /* SqlDatabaseUITests.swift */,
				9059E96E23C5C19D00B6A094 /* Info.plist */,
			);
			path = SqlDatabaseUITests;
			sourceTree = "<group>";
		};
/* End PBXGroup section */

/* Begin PBXNativeTarget section */
		9059E94323C5C19B00B6A094 /* SqlDatabase */ = {
			isa = PBXNativeTarget;
			buildConfigurationList = 9059E97123C5C19D00B6A094 /* Build configuration list for PBXNativeTarget "SqlDatabase" */;
			buildPhases = (
				9059E94023C5C19B00B6A094 /* Sources */,
				9059E94123C5C19B00B6A094 /* Frameworks */,
				9059E94223C5C19B00B6A094 /* Resources */,
			);
			buildRules = (
			);
			dependencies = (
			);
			name = SqlDatabase;
			productName = SqlDatabase;
			productReference = 9059E94423C5C19B00B6A094 /* SqlDatabase.app */;
			productType = "com.apple.product-type.application";
		};
		9059E95C23C5C19D00B6A094 /* SqlDatabaseTests */ = {
			isa = PBXNativeTarget;
			buildConfigurationList = 9059E97423C5C19D00B6A094 /* Build configuration list for PBXNativeTarget "SqlDatabaseTests" */;
			buildPhases = (
				9059E95923C5C19D00B6A094 /* Sources */,
				9059E95A23C5C19D00B6A094 /* Frameworks */,
				9059E95B23C5C19D00B6A094 /* Resources */,
			);
			buildRules = (
			);
			dependencies = (
				9059E95F23C5C19D00B6A094 /* PBXTargetDependency */,
			);
			name = SqlDatabaseTests;
			productName = SqlDatabaseTests;
			productReference = 9059E95D23C5C19D00B6A094 /* SqlDatabaseTests.xctest */;
			productType = "com.apple.product-type.bundle.unit-test";
		};
		9059E96723C5C19D00B6A094 /* SqlDatabaseUITests */ = {
			isa = PBXNativeTarget;
			buildConfigurationList = 9059E97723C5C19D00B6A094 /* Build configuration list for PBXNativeTarget "SqlDatabaseUITests" */;
			buildPhases = (
				9059E96423C5C19D00B6A094 /* Sources */,
				9059E96523C5C19D00B6A094 /* Frameworks */,
				9059E96623C5C19D00B6A094 /* Resources */,
			);
			buildRules = (
			);
			dependencies = (
				9059E96A23C5C19D00B6A094 /* PBXTargetDependency */,
			);
			name = SqlDatabaseUITests;
			productName = SqlDatabaseUITests;
			productReference = 9059E96823C5C19D00B6A094 /* SqlDatabaseUITests.xctest */;
			productType = "com.apple.product-type.bundle.ui-testing";
		};
/* End PBXNativeTarget section */

/* Begin PBXProject section */
		9059E93C23C5C19B00B6A094 /* Project object */ = {
			isa = PBXProject;
			attributes = {
				LastSwiftUpdateCheck = 1130;
				LastUpgradeCheck = 1130;
				ORGANIZATIONNAME = "yogesh patel";
				TargetAttributes = {
					9059E94323C5C19B00B6A094 = {
						CreatedOnToolsVersion = 11.3;
					};
					9059E95C23C5C19D00B6A094 = {
						CreatedOnToolsVersion = 11.3;
						TestTargetID = 9059E94323C5C19B00B6A094;
					};
					9059E96723C5C19D00B6A094 = {
						CreatedOnToolsVersion = 11.3;
						TestTargetID = 9059E94323C5C19B00B6A094;
					};
				};
			};
			buildConfigurationList = 9059E93F23C5C19B00B6A094 /* Build configuration list for PBXProject "SqlDatabase" */;
			compatibilityVersion = "Xcode 9.3";
			developmentRegion = en;
			hasScannedForEncodings = 0;
			knownRegions = (
				en,
				Base,
			);
			mainGroup = 9059E93B23C5C19B00B6A094;
			productRefGroup = 9059E94523C5C19B00B6A094 /* Products */;
			projectDirPath = "";
			projectRoot = "";
			targets = (
				9059E94323C5C19B00B6A094 /* SqlDatabase */,
				9059E95C23C5C19D00B6A094 /* SqlDatabaseTests */,
				9059E96723C5C19D00B6A094 /* SqlDatabaseUITests */,
			);
		};
/* End PBXProject section */

/* Begin PBXResourcesBuildPhase section */
		9059E94223C5C19B00B6A094 /* Resources */ = {
			isa = PBXResourcesBuildPhase;
			buildActionMask = 2147483647;
			files = (
				9059E95723C5C19D00B6A094 /* LaunchScreen.storyboard in Resources */,
				9059E95423C5C19D00B6A094 /* Assets.xcassets in Resources */,
				9059E94F23C5C19B00B6A094 /* Main.storyboard in Resources */,
			);
			runOnlyForDeploymentPostprocessing = 0;
		};
		9059E95B23C5C19D00B6A094 /* Resources */ = {
			isa = PBXResourcesBuildPhase;
			buildActionMask = 2147483647;
			files = (
			);
			runOnlyForDeploymentPostprocessing = 0;
		};
		9059E96623C5C19D00B6A094 /* Resources */ = {
			isa = PBXResourcesBuildPhase;
			buildActionMask = 2147483647;
			files = (
			);
			runOnlyForDeploymentPostprocessing = 0;
		};
/* End PBXResourcesBuildPhase section */

/* Begin PBXSourcesBuildPhase section */
		9059E94023C5C19B00B6A094 /* Sources */ = {
			isa = PBXSourcesBuildPhase;
			buildActionMask = 2147483647;
			files = (
				9059E94C23C5C19B00B6A094 /* ViewController.swift in Sources */,
				9059E95223C5C19B00B6A094 /* SqlDatabase.xcdatamodeld in Sources */,
				9059E94823C5C19B00B6A094 /* AppDelegate.swift in Sources */,
				9059E94A23C5C19B00B6A094 /* SceneDelegate.swift in Sources */,
			);
			runOnlyForDeploymentPostprocessing = 0;
		};
		9059E95923C5C19D00B6A094 /* Sources */ = {
			isa = PBXSourcesBuildPhase;
			buildActionMask = 2147483647;
			files = (
				9059E96223C5C19D00B6A094 /* SqlDatabaseTests.swift in Sources */,
			);
			runOnlyForDeploymentPostprocessing = 0;
		};
		9059E96423C5C19D00B6A094 /* Sources */ = {
			isa = PBXSourcesBuildPhase;
			buildActionMask = 2147483647;
			files = (
				9059E96D23C5C19D00B6A094 /* SqlDatabaseUITests.swift in Sources */,
			);
			runOnlyForDeploymentPostprocessing = 0;
		};
/* End PBXSourcesBuildPhase section */

/* Begin PBXTargetDependency section */
		9059E95F23C5C19D00B6A094 /* PBXTargetDependency */ = {
			isa = PBXTargetDependency;
			target = 9059E94323C5C19B00B6A094 /* SqlDatabase */;
			targetProxy = 9059E95E23C5C19D00B6A094 /* PBXContainerItemProxy */;
		};
		9059E96A23C5C19D00B6A094 /* PBXTargetDependency */ = {
			isa = PBXTargetDependency;
			target = 9059E94323C5C19B00B6A094 /* SqlDatabase */;
			targetProxy = 9059E96923C5C19D00B6A094 /* PBXContainerItemProxy */;
		};
/* End PBXTargetDependency section */

/* Begin PBXVariantGroup section */
		9059E94D23C5C19B00B6A094 /* Main.storyboard */ = {
			isa = PBXVariantGroup;
			children = (
				9059E94E23C5C19B00B6A094 /* Base */,
			);
			name = Main.storyboard;
			sourceTree = "<group>";
		};
		9059E95523C5C19D00B6A094 /* LaunchScreen.storyboard */ = {
			isa = PBXVariantGroup;
			children = (
				9059E95623C5C19D00B6A094 /* Base */,
			);
			name = LaunchScreen.storyboard;
			sourceTree = "<group>";
		};
/* End PBXVariantGroup section */

/* Begin XCBuildConfiguration section */
		9059E96F23C5C19D00B6A094 /* Debug */ = {
			isa = XCBuildConfiguration;
			buildSettings = {
				ALWAYS_SEARCH_USER_PATHS = NO;
				CLANG_ANALYZER_NONNULL = YES;
				CLANG_ANALYZER_NUMBER_OBJECT_CONVERSION = YES_AGGRESSIVE;
				CLANG_CXX_LANGUAGE_STANDARD = "gnu++14";
				CLANG_CXX_LIBRARY = "libc++";
				CLANG_ENABLE_MODULES = YES;
				CLANG_ENABLE_OBJC_ARC = YES;
				CLANG_ENABLE_OBJC_WEAK = YES;
				CLANG_WARN_BLOCK_CAPTURE_AUTORELEASING = YES;
				CLANG_WARN_BOOL_CONVERSION = YES;
				CLANG_WARN_COMMA = YES;
				CLANG_WARN_CONSTANT_CONVERSION = YES;
				CLANG_WARN_DEPRECATED_OBJC_IMPLEMENTATIONS = YES;
				CLANG_WARN_DIRECT_OBJC_ISA_USAGE = YES_ERROR;
				CLANG_WARN_DOCUMENTATION_COMMENTS = YES;
				CLANG_WARN_EMPTY_BODY = YES;
				CLANG_WARN_ENUM_CONVERSION = YES;
				CLANG_WARN_INFINITE_RECURSION = YES;
				CLANG_WARN_INT_CONVERSION = YES;
				CLANG_WARN_NON_LITERAL_NULL_CONVERSION = YES;
				CLANG_WARN_OBJC_IMPLICIT_RETAIN_SELF = YES;
				CLANG_WARN_OBJC_LITERAL_CONVERSION = YES;
				CLANG_WARN_OBJC_ROOT_CLASS = YES_ERROR;
				CLANG_WARN_RANGE_LOOP_ANALYSIS = YES;
				CLANG_WARN_STRICT_PROTOTYPES = YES;
				CLANG_WARN_SUSPICIOUS_MOVE = YES;
				CLANG_WARN_UNGUARDED_AVAILABILITY = YES_AGGRESSIVE;
				CLANG_WARN_UNREACHABLE_CODE = YES;
				CLANG_WARN__DUPLICATE_METHOD_MATCH = YES;
				COPY_PHASE_STRIP = NO;
				DEBUG_INFORMATION_FORMAT = dwarf;
				ENABLE_STRICT_OBJC_MSGSEND = YES;
				ENABLE_TESTABILITY = YES;
				GCC_C_LANGUAGE_STANDARD = gnu11;
				GCC_DYNAMIC_NO_PIC = NO;
				GCC_NO_COMMON_BLOCKS = YES;
				GCC_OPTIMIZATION_LEVEL = 0;
				GCC_PREPROCESSOR_DEFINITIONS = (
					"DEBUG=1",
					"$(inherited)",
				);
				GCC_WARN_64_TO_32_BIT_CONVERSION = YES;
				GCC_WARN_ABOUT_RETURN_TYPE = YES_ERROR;
				GCC_WARN_UNDECLARED_SELECTOR = YES;
				GCC_WARN_UNINITIALIZED_AUTOS = YES_AGGRESSIVE;
				GCC_WARN_UNUSED_FUNCTION = YES;
				GCC_WARN_UNUSED_VARIABLE = YES;
				IPHONEOS_DEPLOYMENT_TARGET = 13.2;
				MTL_ENABLE_DEBUG_INFO = INCLUDE_SOURCE;
				MTL_FAST_MATH = YES;
				ONLY_ACTIVE_ARCH = YES;
				SDKROOT = iphoneos;
				SWIFT_ACTIVE_COMPILATION_CONDITIONS = DEBUG;
				SWIFT_OPTIMIZATION_LEVEL = "-Onone";
			};
			name = Debug;
		};
		9059E97023C5C19D00B6A094 /* Release */ = {
			isa = XCBuildConfiguration;
			buildSettings = {
				ALWAYS_SEARCH_USER_PATHS = NO;
				CLANG_ANALYZER_NONNULL = YES;
				CLANG_ANALYZER_NUMBER_OBJECT_CONVERSION = YES_AGGRESSIVE;
				CLANG_CXX_LANGUAGE_STANDARD = "gnu++14";
				CLANG_CXX_LIBRARY = "libc++";
				CLANG_ENABLE_MODULES = YES;
				CLANG_ENABLE_OBJC_ARC = YES;
				CLANG_ENABLE_OBJC_WEAK = YES;
				CLANG_WARN_BLOCK_CAPTURE_AUTORELEASING = YES;
				CLANG_WARN_BOOL_CONVERSION = YES;
				CLANG_WARN_COMMA = YES;
				CLANG_WARN_CONSTANT_CONVERSION = YES;
				CLANG_WARN_DEPRECATED_OBJC_IMPLEMENTATIONS = YES;
				CLANG_WARN_DIRECT_OBJC_ISA_USAGE = YES_ERROR;
				CLANG_WARN_DOCUMENTATION_COMMENTS = YES;
				CLANG_WARN_EMPTY_BODY = YES;
				CLANG_WARN_ENUM_CONVERSION = YES;
				CLANG_WARN_INFINITE_RECURSION = YES;
				CLANG_WARN_INT_CONVERSION = YES;
				CLANG_WARN_NON_LITERAL_NULL_CONVERSION = YES;
				CLANG_WARN_OBJC_IMPLICIT_RETAIN_SELF = YES;
				CLANG_WARN_OBJC_LITERAL_CONVERSION = YES;
				CLANG_WARN_OBJC_ROOT_CLASS = YES_ERROR;
				CLANG_WARN_RANGE_LOOP_ANALYSIS = YES;
				CLANG_WARN_STRICT_PROTOTYPES = YES;
				CLANG_WARN_SUSPICIOUS_MOVE = YES;
				CLANG_WARN_UNGUARDED_AVAILABILITY = YES_AGGRESSIVE;
				CLANG_WARN_UNREACHABLE_CODE = YES;
				CLANG_WARN__DUPLICATE_METHOD_MATCH = YES;
				COPY_PHASE_STRIP = NO;
				DEBUG_INFORMATION_FORMAT = "dwarf-with-dsym";
				ENABLE_NS_ASSERTIONS = NO;
				ENABLE_STRICT_OBJC_MSGSEND = YES;
				GCC_C_LANGUAGE_STANDARD = gnu11;
				GCC_NO_COMMON_BLOCKS = YES;
				GCC_WARN_64_TO_32_BIT_CONVERSION = YES;
				GCC_WARN_ABOUT_RETURN_TYPE = YES_ERROR;
				GCC_WARN_UNDECLARED_SELECTOR = YES;
				GCC_WARN_UNINITIALIZED_AUTOS = YES_AGGRESSIVE;
				GCC_WARN_UNUSED_FUNCTION = YES;
				GCC_WARN_UNUSED_VARIABLE = YES;
				IPHONEOS_DEPLOYMENT_TARGET = 13.2;
				MTL_ENABLE_DEBUG_INFO = NO;
				MTL_FAST_MATH = YES;
				SDKROOT = iphoneos;
				SWIFT_COMPILATION_MODE = wholemodule;
				SWIFT_OPTIMIZATION_LEVEL = "-O";
				VALIDATE_PRODUCT = YES;
			};
			name = Release;
		};
		9059E97223C5C19D00B6A094 /* Debug */ = {
			isa = XCBuildConfiguration;
			buildSettings = {
				ASSETCATALOG_COMPILER_APPICON_NAME = AppIcon;
				CODE_SIGN_STYLE = Automatic;
				INFOPLIST_FILE = SqlDatabase/Info.plist;
				LD_RUNPATH_SEARCH_PATHS = (
					"$(inherited)",
					"@executable_path/Frameworks",
				);
				PRODUCT_BUNDLE_IDENTIFIER = Yogesh.SqlDatabase;
				PRODUCT_NAME = "$(TARGET_NAME)";
				SWIFT_VERSION = 5.0;
				TARGETED_DEVICE_FAMILY = "1,2";
			};
			name = Debug;
		};
		9059E97323C5C19D00B6A094 /* Release */ = {
			isa = XCBuildConfiguration;
			buildSettings = {
				ASSETCATALOG_COMPILER_APPICON_NAME = AppIcon;
				CODE_SIGN_STYLE = Automatic;
				INFOPLIST_FILE = SqlDatabase/Info.plist;
				LD_RUNPATH_SEARCH_PATHS = (
					"$(inherited)",
					"@executable_path/Frameworks",
				);
				PRODUCT_BUNDLE_IDENTIFIER = Yogesh.SqlDatabase;
				PRODUCT_NAME = "$(TARGET_NAME)";
				SWIFT_VERSION = 5.0;
				TARGETED_DEVICE_FAMILY = "1,2";
			};
			name = Release;
		};
		9059E97523C5C19D00B6A094 /* Debug */ = {
			isa = XCBuildConfiguration;
			buildSettings = {
				ALWAYS_EMBED_SWIFT_STANDARD_LIBRARIES = YES;
				BUNDLE_LOADER = "$(TEST_HOST)";
				CODE_SIGN_STYLE = Automatic;
				INFOPLIST_FILE = SqlDatabaseTests/Info.plist;
				IPHONEOS_DEPLOYMENT_TARGET = 13.2;
				LD_RUNPATH_SEARCH_PATHS = (
					"$(inherited)",
					"@executable_path/Frameworks",
					"@loader_path/Frameworks",
				);
				PRODUCT_BUNDLE_IDENTIFIER = Yogesh.SqlDatabaseTests;
				PRODUCT_NAME = "$(TARGET_NAME)";
				SWIFT_VERSION = 5.0;
				TARGETED_DEVICE_FAMILY = "1,2";
				TEST_HOST = "$(BUILT_PRODUCTS_DIR)/SqlDatabase.app/SqlDatabase";
			};
			name = Debug;
		};
		9059E97623C5C19D00B6A094 /* Release */ = {
			isa = XCBuildConfiguration;
			buildSettings = {
				ALWAYS_EMBED_SWIFT_STANDARD_LIBRARIES = YES;
				BUNDLE_LOADER = "$(TEST_HOST)";
				CODE_SIGN_STYLE = Automatic;
				INFOPLIST_FILE = SqlDatabaseTests/Info.plist;
				IPHONEOS_DEPLOYMENT_TARGET = 13.2;
				LD_RUNPATH_SEARCH_PATHS = (
					"$(inherited)",
					"@executable_path/Frameworks",
					"@loader_path/Frameworks",
				);
				PRODUCT_BUNDLE_IDENTIFIER = Yogesh.SqlDatabaseTests;
				PRODUCT_NAME = "$(TARGET_NAME)";
				SWIFT_VERSION = 5.0;
				TARGETED_DEVICE_FAMILY = "1,2";
				TEST_HOST = "$(BUILT_PRODUCTS_DIR)/SqlDatabase.app/SqlDatabase";
			};
			name = Release;
		};
		9059E97823C5C19D00B6A094 /* Debug */ = {
			isa = XCBuildConfiguration;
			buildSettings = {
				ALWAYS_EMBED_SWIFT_STANDARD_LIBRARIES = YES;
				CODE_SIGN_STYLE = Automatic;
				INFOPLIST_FILE = SqlDatabaseUITests/Info.plist;
				LD_RUNPATH_SEARCH_PATHS = (
					"$(inherited)",
					"@executable_path/Frameworks",
					"@loader_path/Frameworks",
				);
				PRODUCT_BUNDLE_IDENTIFIER = Yogesh.SqlDatabaseUITests;
				PRODUCT_NAME = "$(TARGET_NAME)";
				SWIFT_VERSION = 5.0;
				TARGETED_DEVICE_FAMILY = "1,2";
				TEST_TARGET_NAME = SqlDatabase;
			};
			name = Debug;
		};
		9059E97923C5C19D00B6A094 /* Release */ = {
			isa = XCBuildConfiguration;
			buildSettings = {
				ALWAYS_EMBED_SWIFT_STANDARD_LIBRARIES = YES;
				CODE_SIGN_STYLE = Automatic;
				INFOPLIST_FILE = SqlDatabaseUITests/Info.plist;
				LD_RUNPATH_SEARCH_PATHS = (
					"$(inherited)",
					"@executable_path/Frameworks",
					"@loader_path/Frameworks",
				);
				PRODUCT_BUNDLE_IDENTIFIER = Yogesh.SqlDatabaseUITests;
				PRODUCT_NAME = "$(TARGET_NAME)";
				SWIFT_VERSION = 5.0;
				TARGETED_DEVICE_FAMILY = "1,2";
				TEST_TARGET_NAME = SqlDatabase;
			};
			name = Release;
		};
/* End XCBuildConfiguration section */

/* Begin XCConfigurationList section */
		9059E93F23C5C19B00B6A094 /* Build configuration list for PBXProject "SqlDatabase" */ = {
			isa = XCConfigurationList;
			buildConfigurations = (
				9059E96F23C5C19D00B6A094 /* Debug */,
				9059E97023C5C19D00B6A094 /* Release */,
			);
			defaultConfigurationIsVisible = 0;
			defaultConfigurationName = Release;
		};
		9059E97123C5C19D00B6A094 /* Build configuration list for PBXNativeTarget "SqlDatabase" */ = {
			isa = XCConfigurationList;
			buildConfigurations = (
				9059E97223C5C19D00B6A094 /* Debug */,
				9059E97323C5C19D00B6A094 /* Release */,
			);
			defaultConfigurationIsVisible = 0;
			defaultConfigurationName = Release;
		};
		9059E97423C5C19D00B6A094 /* Build configuration list for PBXNativeTarget "SqlDatabaseTests" */ = {
			isa = XCConfigurationList;
			buildConfigurations = (
				9059E97523C5C19D00B6A094 /* Debug */,
				9059E97623C5C19D00B6A094 /* Release */,
			);
			defaultConfigurationIsVisible = 0;
			defaultConfigurationName = Release;
		};
		9059E97723C5C19D00B6A094 /* Build configuration list for PBXNativeTarget "SqlDatabaseUITests" */ = {
			isa = XCConfigurationList;
			buildConfigurations = (
				9059E97823C5C19D00B6A094 /* Debug */,
				9059E97923C5C19D00B6A094 /* Release */,
			);
			defaultConfigurationIsVisible = 0;
			defaultConfigurationName = Release;
		};
/* End XCConfigurationList section */

/* Begin XCVersionGroup section */
		9059E95023C5C19B00B6A094 /* SqlDatabase.xcdatamodeld */ = {
			isa = XCVersionGroup;
			children = (
				9059E95123C5C19B00B6A094 /* SqlDatabase.xcdatamodel */,
			);
			currentVersion = 9059E95123C5C19B00B6A094 /* SqlDatabase.xcdatamodel */;
			path = SqlDatabase.xcdatamodeld;
			sourceTree = "<group>";
			versionGroupType = wrapper.xcdatamodel;
		};
/* End XCVersionGroup section */
	};
	rootObject = 9059E93C23C5C19B00B6A094 /* Project object */;
}
